{
  "name": "wdio-test-reporter",
  "version": "9.0.0",
  "lockfileVersion": 3,
  "requires": true,
  "packages": {
    "": {
      "name": "wdio-test-reporter",
      "version": "9.0.0",
      "license": "ISC",
      "dependencies": {
        "@wdio/reporter": "^8.27.0",
        "btoa": "^1.2.1"
      }
    },
    "node_modules/@types/node": {
      "version": "20.10.6",
      "resolved": "https://registry.npmjs.org/@types/node/-/node-20.10.6.tgz",
      "integrity": "sha512-Vac8H+NlRNNlAmDfGUP7b5h/KA+AtWIzuXy0E6OyP8f1tCLYAtPvKRRDJjAPqhpCb0t6U2j7/xqAuLEebW2kiw==",
      "dependencies": {
        "undici-types": "~5.26.4"
      }
    },
    "node_modules/@wdio/logger": {
      "version": "8.24.12",
      "resolved": "https://registry.npmjs.org/@wdio/logger/-/logger-8.24.12.tgz",
      "integrity": "sha512-QisOiVIWKTUCf1H7S+DOtC+gruhlpimQrUXfWMTeeh672PvAJYnTpOJDWA+BtXfsikkUYFAzAaq8SeMJk8rqKg==",
      "dependencies": {
        "chalk": "^5.1.2",
        "loglevel": "^1.6.0",
        "loglevel-plugin-prefix": "^0.8.4",
        "strip-ansi": "^7.1.0"
      },
      "engines": {
        "node": "^16.13 || >=18"
      }
    },
    "node_modules/@wdio/reporter": {
      "version": "8.27.0",
      "resolved": "https://registry.npmjs.org/@wdio/reporter/-/reporter-8.27.0.tgz",
      "integrity": "sha512-kBwsrHbsblmXfHSWlaOKXjPRPeT29WSKTUoCmzuTcCkhvbjY4TrEB0p04cpaM7uNqdIZTxHng54gZVaG/nZPiw==",
      "dependencies": {
        "@types/node": "^20.1.0",
        "@wdio/logger": "8.24.12",
        "@wdio/types": "8.27.0",
        "diff": "^5.0.0",
        "object-inspect": "^1.12.0"
      },
      "engines": {
        "node": "^16.13 || >=18"
      }
    },
    "node_modules/@wdio/types": {
      "version": "8.27.0",
      "resolved": "https://registry.npmjs.org/@wdio/types/-/types-8.27.0.tgz",
      "integrity": "sha512-LbP9FKh8r0uW9/dKhTIUCC1Su8PsP9TmzGKXkWt6/IMacgJiB/zW3u1CgyaLw9lG0UiQORHGoeJX9zB2HZAh4w==",
      "dependencies": {
        "@types/node": "^20.1.0"
      },
      "engines": {
        "node": "^16.13 || >=18"
      }
    },
    "node_modules/ansi-regex": {
      "version": "6.0.1",
      "resolved": "https://registry.npmjs.org/ansi-regex/-/ansi-regex-6.0.1.tgz",
      "integrity": "sha512-n5M855fKb2SsfMIiFFoVrABHJC8QtHwVx+mHWP3QcEqBHYienj5dHSgjbxtC0WEZXYt4wcD6zrQElDPhFuZgfA==",
      "engines": {
        "node": ">=12"
      },
      "funding": {
        "url": "https://github.com/chalk/ansi-regex?sponsor=1"
      }
    },
    "node_modules/btoa": {
      "version": "1.2.1",
      "resolved": "https://registry.npmjs.org/btoa/-/btoa-1.2.1.tgz",
      "integrity": "sha512-SB4/MIGlsiVkMcHmT+pSmIPoNDoHg+7cMzmt3Uxt628MTz2487DKSqK/fuhFBrkuqrYv5UCEnACpF4dTFNKc/g==",
      "bin": {
        "btoa": "bin/btoa.js"
      },
      "engines": {
        "node": ">= 0.4.0"
      }
    },
    "node_modules/chalk": {
      "version": "5.3.0",
      "resolved": "https://registry.npmjs.org/chalk/-/chalk-5.3.0.tgz",
      "integrity": "sha512-dLitG79d+GV1Nb/VYcCDFivJeK1hiukt9QjRNVOsUtTy1rR1YJsmpGGTZ3qJos+uw7WmWF4wUwBd9jxjocFC2w==",
      "engines": {
        "node": "^12.17.0 || ^14.13 || >=16.0.0"
      },
      "funding": {
        "url": "https://github.com/chalk/chalk?sponsor=1"
      }
    },
    "node_modules/diff": {
      "version": "5.1.0",
      "resolved": "https://registry.npmjs.org/diff/-/diff-5.1.0.tgz",
      "integrity": "sha512-D+mk+qE8VC/PAUrlAU34N+VfXev0ghe5ywmpqrawphmVZc1bEfn56uo9qpyGp1p4xpzOHkSW4ztBd6L7Xx4ACw==",
      "engines": {
        "node": ">=0.3.1"
      }
    },
    "node_modules/loglevel": {
      "version": "1.8.1",
      "resolved": "https://registry.npmjs.org/loglevel/-/loglevel-1.8.1.tgz",
      "integrity": "sha512-tCRIJM51SHjAayKwC+QAg8hT8vg6z7GSgLJKGvzuPb1Wc+hLzqtuVLxp6/HzSPOozuK+8ErAhy7U/sVzw8Dgfg==",
      "engines": {
        "node": ">= 0.6.0"
      },
      "funding": {
        "type": "tidelift",
        "url": "https://tidelift.com/funding/github/npm/loglevel"
      }
    },
    "node_modules/loglevel-plugin-prefix": {
      "version": "0.8.4",
      "resolved": "https://registry.npmjs.org/loglevel-plugin-prefix/-/loglevel-plugin-prefix-0.8.4.tgz",
      "integrity": "sha512-WpG9CcFAOjz/FtNht+QJeGpvVl/cdR6P0z6OcXSkr8wFJOsV2GRj2j10JLfjuA4aYkcKCNIEqRGCyTife9R8/g=="
    },
    "node_modules/object-inspect": {
      "version": "1.13.1",
      "resolved": "https://registry.npmjs.org/object-inspect/-/object-inspect-1.13.1.tgz",
      "integrity": "sha512-5qoj1RUiKOMsCCNLV1CBiPYE10sziTsnmNxkAI/rZhiD63CF7IqdFGC/XzjWjpSgLf0LxXX3bDFIh0E18f6UhQ==",
      "funding": {
        "url": "https://github.com/sponsors/ljharb"
      }
    },
    "node_modules/strip-ansi": {
      "version": "7.1.0",
      "resolved": "https://registry.npmjs.org/strip-ansi/-/strip-ansi-7.1.0.tgz",
      "integrity": "sha512-iq6eVVI64nQQTRYq2KtEg2d2uU7LElhTJwsH4YzIHZshxlgZms/wIc4VoDQTlG/IvVIrBKG06CrZnp0qv7hkcQ==",
      "dependencies": {
        "ansi-regex": "^6.0.1"
      },
      "engines": {
        "node": ">=12"
      },
      "funding": {
        "url": "https://github.com/chalk/strip-ansi?sponsor=1"
      }
    },
    "node_modules/undici-types": {
      "version": "5.26.5",
      "resolved": "https://registry.npmjs.org/undici-types/-/undici-types-5.26.5.tgz",
      "integrity": "sha512-JlCMO+ehdEIKqlFxk6IfVoAUVmgz7cU7zD/h9XZ0qzeosSHmUJVOzSQvvYSYWXkFXC+IfLKSIffhv0sVZup6pA=="
    }
  }
}
