lockfileVersion: 5.4

specifiers:
  '@wdio/reporter': ^8.4.0
  btoa: ^1.2.1

dependencies:
  '@wdio/reporter': 8.4.0
  btoa: 1.2.1

packages:

  /@types/node/18.15.3:
    resolution: {integrity: sha512-p6ua9zBxz5otCmbpb5D3U4B5Nanw6Pk3PPyX05xnxbB/fRv71N7CPmORg7uAD5P70T0xmx1pzAx/FUfa5X+3cw==}
    dev: false

  /@wdio/logger/8.1.0:
    resolution: {integrity: sha512-QRC5b7FF4JIYUCqggnVA0sZ80TwIUFN9JyBSbuGuMxaSLSLujSo7WfuSrnQXVvsRbnJ16wWwJWYigfLkxOW86Q==}
    engines: {node: ^16.13 || >=18}
    dependencies:
      chalk: 5.2.0
      loglevel: 1.8.1
      loglevel-plugin-prefix: 0.8.4
      strip-ansi: 6.0.1
    dev: false

  /@wdio/reporter/8.4.0:
    resolution: {integrity: sha512-CQMCUpb2nF3ja2s6sWd03007n7Ab2cvFH6a4Uv4Si8jJtf0M4uFLntiXKljg680/rlPLt/yXqkDSqQoAEjcTcA==}
    engines: {node: ^16.13 || >=18}
    dependencies:
      '@types/node': 18.15.3
      '@wdio/logger': 8.1.0
      '@wdio/types': 8.4.0
      diff: 5.1.0
      object-inspect: 1.12.3
      supports-color: 9.3.1
    dev: false

  /@wdio/types/8.4.0:
    resolution: {integrity: sha512-1eA0D0jS8Ttg67zB2gsZJFUcHcRz4VRjLTjxdLKh70+ZfB1+YZr9tScLgQjc+qsjsK1wKSzOz03uZiidwNnN9g==}
    engines: {node: ^16.13 || >=18}
    dependencies:
      '@types/node': 18.15.3
    dev: false

  /ansi-regex/5.0.1:
    resolution: {integrity: sha512-quJQXlTSUGL2LH9SUXo8VwsY4soanhgo6LNSm84E1LBcE8s3O0wpdiRzyR9z/ZZJMlMWv37qOOb9pdJlMUEKFQ==}
    engines: {node: '>=8'}
    dev: false

  /btoa/1.2.1:
    resolution: {integrity: sha512-SB4/MIGlsiVkMcHmT+pSmIPoNDoHg+7cMzmt3Uxt628MTz2487DKSqK/fuhFBrkuqrYv5UCEnACpF4dTFNKc/g==}
    engines: {node: '>= 0.4.0'}
    hasBin: true
    dev: false

  /chalk/5.2.0:
    resolution: {integrity: sha512-ree3Gqw/nazQAPuJJEy+avdl7QfZMcUvmHIKgEZkGL+xOBzRvup5Hxo6LHuMceSxOabuJLJm5Yp/92R9eMmMvA==}
    engines: {node: ^12.17.0 || ^14.13 || >=16.0.0}
    dev: false

  /diff/5.1.0:
    resolution: {integrity: sha512-D+mk+qE8VC/PAUrlAU34N+VfXev0ghe5ywmpqrawphmVZc1bEfn56uo9qpyGp1p4xpzOHkSW4ztBd6L7Xx4ACw==}
    engines: {node: '>=0.3.1'}
    dev: false

  /loglevel-plugin-prefix/0.8.4:
    resolution: {integrity: sha512-WpG9CcFAOjz/FtNht+QJeGpvVl/cdR6P0z6OcXSkr8wFJOsV2GRj2j10JLfjuA4aYkcKCNIEqRGCyTife9R8/g==}
    dev: false

  /loglevel/1.8.1:
    resolution: {integrity: sha512-tCRIJM51SHjAayKwC+QAg8hT8vg6z7GSgLJKGvzuPb1Wc+hLzqtuVLxp6/HzSPOozuK+8ErAhy7U/sVzw8Dgfg==}
    engines: {node: '>= 0.6.0'}
    dev: false

  /object-inspect/1.12.3:
    resolution: {integrity: sha512-geUvdk7c+eizMNUDkRpW1wJwgfOiOeHbxBR/hLXK1aT6zmVSO0jsQcs7fj6MGw89jC/cjGfLcNOrtMYtGqm81g==}
    dev: false

  /strip-ansi/6.0.1:
    resolution: {integrity: sha512-Y38VPSHcqkFrCpFnQ9vuSXmquuv5oXOKpGeT6aGrr3o3Gc9AlVa6JBfUSOCnbxGGZF+/0ooI7KrPuUSztUdU5A==}
    engines: {node: '>=8'}
    dependencies:
      ansi-regex: 5.0.1
    dev: false

  /supports-color/9.3.1:
    resolution: {integrity: sha512-knBY82pjmnIzK3NifMo3RxEIRD9E0kIzV4BKcyTZ9+9kWgLMxd4PrsTSMoFQUabgRBbF8KOLRDCyKgNV+iK44Q==}
    engines: {node: '>=12'}
    dev: false
